
Microsoft Visual Studio Solution File, Format Version 12.00
# Visual Studio Version 16
VisualStudioVersion = 16.0.31702.278
MinimumVisualStudioVersion = 10.0.40219.1
Project("{FAE04EC0-301F-11D3-BF4B-00C04F79EFBC}") = "ProyectoParcial", "ProyectoParcial\ProyectoParcial.csproj", "{AE39F247-4BD8-4DCC-AFE5-CCC3C30BC78A}"
EndProject
Global
	GlobalSection(SolutionConfigurationPlatforms) = preSolution
		Debug|Any CPU = Debug|Any CPU
		Release|Any CPU = Release|Any CPU
	EndGlobalSection
	GlobalSection(ProjectConfigurationPlatforms) = postSolution
		{AE39F247-4BD8-4DCC-AFE5-CCC3C30BC78A}.Debug|Any CPU.ActiveCfg = Debug|Any CPU
		{AE39F247-4BD8-4DCC-AFE5-CCC3C30BC78A}.Debug|Any CPU.Build.0 = Debug|Any CPU
		{AE39F247-4BD8-4DCC-AFE5-CCC3C30BC78A}.Release|Any CPU.ActiveCfg = Release|Any CPU
		{AE39F247-4BD8-4DCC-AFE5-CCC3C30BC78A}.Release|Any CPU.Build.0 = Release|Any CPU
	EndGlobalSection
	GlobalSection(SolutionProperties) = preSolution
		HideSolutionNode = FALSE
	EndGlobalSection
	GlobalSection(ExtensibilityGlobals) = postSolution
		SolutionGuid = {2521BA86-34EA-467D-B793-BD5A7E38CBA2}
	EndGlobalSection
EndGlobal
